version = 1
requires-python = ">=3.12"
resolution-markers = [
    "platform_system == 'Darwin'",
    "platform_machine == 'aarch64' and platform_system == 'Linux'",
    "(platform_machine != 'aarch64' and platform_system != 'Darwin') or (platform_system != 'Darwin' and platform_system != 'Linux')",
]

[[package]]
name = "colorama"
version = "0.4.6"
source = { registry = "https://pypi.org/simple" }
sdist = { url = "https://files.pythonhosted.org/packages/d8/53/6f443c9a4a8358a93a6792e2acffb9d9d5cb0a5cfd8802644b7b1c9a02e4/colorama-0.4.6.tar.gz", hash = "sha256:08695f5cb7ed6e0531a20572697297273c47b8cae5a63ffc6d6ed5c201be6e44", size = 27697 }
wheels = [
    { url = "https://files.pythonhosted.org/packages/d1/d6/3965ed04c63042e047cb6a3e6ed1a63a35087b6a609aa3a15ed8ac56c221/colorama-0.4.6-py2.py3-none-any.whl", hash = "sha256:4f1d9991f5acc0ca119f9d443620b77f9d6b33703e51011c16baf57afb285fc6", size = 25335 },
]

[[package]]
name = "coverage"
version = "7.8.1"
source = { registry = "https://pypi.org/simple" }
sdist = { url = "https://files.pythonhosted.org/packages/27/b4/a707d96c2c1ce9402ce1ce7124c53b9e4e1f3e617652a5ed2fbba4c9b4be/coverage-7.8.1.tar.gz", hash = "sha256:d41d4da5f2871b1782c6b74948d2d37aac3a5b39b43a6ba31d736b97a02ae1f1", size = 812193 }
wheels = [
    { url = "https://files.pythonhosted.org/packages/aa/78/781501aa4759026dcef8024b404cacc4094348e5e199ed660c31f4650a33/coverage-7.8.1-cp312-cp312-macosx_10_13_x86_64.whl", hash = "sha256:2d8f844e837374a9497e11722d9eb9dfeb33b1b5d31136786c39a4c1a3073c6d", size = 211875 },
    { url = "https://files.pythonhosted.org/packages/e6/00/a8a4548c22b73f8fd4373714f5a4cce3584827e2603847a8d90fba129807/coverage-7.8.1-cp312-cp312-macosx_11_0_arm64.whl", hash = "sha256:9cd54a762667c32112df5d6f059c5d61fa532ee06460948cc5bcbf60c502f5c9", size = 212129 },
    { url = "https://files.pythonhosted.org/packages/9e/41/5cdc34afdc53b7f200439eb915f50d6ba17e3b0b5cdb6bb04d0ed9662703/coverage-7.8.1-cp312-cp312-manylinux_2_17_aarch64.manylinux2014_aarch64.whl", hash = "sha256:958b513e23286178b513a6b4d975fe9e7cddbcea6e5ebe8d836e4ef067577154", size = 246176 },
    { url = "https://files.pythonhosted.org/packages/f0/1f/ca8e37fdd282dd6ebc4191a9fafcb46b6bf75e05a0fd796d6907399e44ea/coverage-7.8.1-cp312-cp312-manylinux_2_5_i686.manylinux1_i686.manylinux_2_17_i686.manylinux2014_i686.whl", hash = "sha256:9b31756ea647b6ef53190f6b708ad0c4c2ea879bc17799ba5b0699eee59ecf7b", size = 243068 },
    { url = "https://files.pythonhosted.org/packages/cf/89/727503da5870fe1031ec443699beab44e02548d9873fe0a60adf6589fdd1/coverage-7.8.1-cp312-cp312-manylinux_2_5_x86_64.manylinux1_x86_64.manylinux_2_17_x86_64.manylinux2014_x86_64.whl", hash = "sha256:ccad4e29ac1b6f75bfeedb2cac4860fe5bd9e0a2f04c3e3218f661fa389ab101", size = 245329 },
    { url = "https://files.pythonhosted.org/packages/25/1f/6935baf26071a66f390159ceb5c5bccfc898d00a90166b6ffc61b964856a/coverage-7.8.1-cp312-cp312-musllinux_1_2_aarch64.whl", hash = "sha256:452f3831c64f5f50260e18a89e613594590d6ceac5206a9b7d76ba43586b01b3", size = 245100 },
    { url = "https://files.pythonhosted.org/packages/3b/1f/0e5d68b12deb8a5c9648f61b515798e201f72fec17a0c7373a5f4903f8d8/coverage-7.8.1-cp312-cp312-musllinux_1_2_i686.whl", hash = "sha256:9296df6a33b8539cd753765eb5b47308602263a14b124a099cbcf5f770d7cf90", size = 243314 },
    { url = "https://files.pythonhosted.org/packages/21/5d/375ba28a78e96a06ef0f1572b393e3fefd9d0deecf3ef9995eff1b1cea67/coverage-7.8.1-cp312-cp312-musllinux_1_2_x86_64.whl", hash = "sha256:d52d79dfd3b410b153b6d65b0e3afe834eca2b969377f55ad73c67156d35af0d", size = 244487 },
    { url = "https://files.pythonhosted.org/packages/08/92/1b7fdf0924d8e6d7c2418d313c12d6e19c9a748448faedcc017082ec5b63/coverage-7.8.1-cp312-cp312-win32.whl", hash = "sha256:ebdf212e1ed85af63fa1a76d556c0a3c7b34348ffba6e145a64b15f003ad0a2b", size = 214367 },
    { url = "https://files.pythonhosted.org/packages/07/b1/632f9e128ee9e149cfa80a3130362684244668b0dc6efedd6e466baaeb48/coverage-7.8.1-cp312-cp312-win_amd64.whl", hash = "sha256:c04a7903644ccea8fa07c3e76db43ca31c8d453f93c5c94c0f9b82efca225543", size = 215169 },
    { url = "https://files.pythonhosted.org/packages/ed/0a/696a8d6c245a72f61589e2015a633fab5aacd8c916802df41d23e387b442/coverage-7.8.1-cp313-cp313-macosx_10_13_x86_64.whl", hash = "sha256:dd5c305faa2e69334a53061b3168987847dadc2449bab95735242a9bde92fde8", size = 211902 },
    { url = "https://files.pythonhosted.org/packages/3b/2f/0c065dfaf497586cf1693dee2a94e7489a4be840a5bbe765a7a78735268b/coverage-7.8.1-cp313-cp313-macosx_11_0_arm64.whl", hash = "sha256:af6b8cdf0857fd4e6460dd6639c37c3f82163127f6112c1942b5e6a52a477676", size = 212175 },
    { url = "https://files.pythonhosted.org/packages/ff/a1/a8a40658f67311c96c3d9073293fefee8a9485906ed531546dffe35fdd4b/coverage-7.8.1-cp313-cp313-manylinux_2_17_aarch64.manylinux2014_aarch64.whl", hash = "sha256:e233a56bbf99e4cb134c4f8e63b16c77714e3987daf2c5aa10c3ba8c4232d730", size = 245564 },
    { url = "https://files.pythonhosted.org/packages/6e/94/dc36e2256ce484f482ed5b2a103a261009c301cdad237fdefe2a9b6ddeab/coverage-7.8.1-cp313-cp313-manylinux_2_5_i686.manylinux1_i686.manylinux_2_17_i686.manylinux2014_i686.whl", hash = "sha256:9dabc70012fd7b58a8040a7bc1b5f71fd0e62e2138aefdd8367d3d24bf82c349", size = 242719 },
    { url = "https://files.pythonhosted.org/packages/73/d7/d096859c59f02d4550e6bc9180bd06c88313c32977d7458e0d4ed06ed057/coverage-7.8.1-cp313-cp313-manylinux_2_5_x86_64.manylinux1_x86_64.manylinux_2_17_x86_64.manylinux2014_x86_64.whl", hash = "sha256:e1f8e96455907496b3e4ea16f63bb578da31e17d2805278b193525e7714f17f2", size = 244634 },
    { url = "https://files.pythonhosted.org/packages/be/a0/6f4db84d1d3334ca37c2dae02a54761a1a3918aec56faec26f1590077181/coverage-7.8.1-cp313-cp313-musllinux_1_2_aarch64.whl", hash = "sha256:0034ceec8e91fdaf77350901cc48f47efd00f23c220a3f9fc1187774ddf307cb", size = 244824 },
    { url = "https://files.pythonhosted.org/packages/96/46/1e74016ba7d9f4242170f9d814454e6483a640332a67c0e139dab7d85762/coverage-7.8.1-cp313-cp313-musllinux_1_2_i686.whl", hash = "sha256:82db9344a07dd9106796b9fe8805425633146a7ea7fed5ed07c65a64d0bb79e1", size = 242872 },
    { url = "https://files.pythonhosted.org/packages/22/41/51df77f279b49e7dd05ee9dfe746cf8698c873ffdf7fbe57aaee9522ec67/coverage-7.8.1-cp313-cp313-musllinux_1_2_x86_64.whl", hash = "sha256:9772c9e266b2ca4999180c12b90c8efb4c5c9ad3e55f301d78bc579af6467ad9", size = 244179 },
    { url = "https://files.pythonhosted.org/packages/b8/83/6207522f3afb64592c47353bc79b0e3e6c3f48fde5e5221ab2b80a12e93d/coverage-7.8.1-cp313-cp313-win32.whl", hash = "sha256:6f24a1e2c373a77afae21bc512466a91e31251685c271c5309ee3e557f6e3e03", size = 214395 },
    { url = "https://files.pythonhosted.org/packages/43/b8/cd40a8fff1633112ac40edde9006aceaa55b32a84976394a42c33547ef95/coverage-7.8.1-cp313-cp313-win_amd64.whl", hash = "sha256:76a4e1d62505a21971968be61ae17cbdc5e0c483265a37f7ddbbc050f9c0b8ec", size = 215195 },
    { url = "https://files.pythonhosted.org/packages/7e/f0/8fea9beb378cdce803ba838293314b21527f4edab58dcbe2e6a5553e7dc8/coverage-7.8.1-cp313-cp313t-macosx_10_13_x86_64.whl", hash = "sha256:35dd5d405a1d378c39f3f30f628a25b0b99f1b8e5bdd78275df2e7b0404892d7", size = 212738 },
    { url = "https://files.pythonhosted.org/packages/0c/90/f28953cd1246ad7839874ef97e181f153d4274cc6db21857fbca18b89c97/coverage-7.8.1-cp313-cp313t-macosx_11_0_arm64.whl", hash = "sha256:87b86a87f8de2e1bd0bcd45faf1b1edf54f988c8857157300e0336efcfb8ede6", size = 212958 },
    { url = "https://files.pythonhosted.org/packages/fb/70/3f3d34ef68534afa73aee75537d1daf1e91029738cbf052ef828313aa960/coverage-7.8.1-cp313-cp313t-manylinux_2_17_aarch64.manylinux2014_aarch64.whl", hash = "sha256:ce4553a573edb363d5db12be1c044826878bec039159d6d4eafe826ef773396d", size = 257024 },
    { url = "https://files.pythonhosted.org/packages/cf/66/96ab415609b777adfcfa00f29d75d2278da139c0958de7a50dd0023811e6/coverage-7.8.1-cp313-cp313t-manylinux_2_5_i686.manylinux1_i686.manylinux_2_17_i686.manylinux2014_i686.whl", hash = "sha256:db181a1896e0bad75b3bf4916c49fd3cf6751f9cc203fe0e0ecbee1fc43590fa", size = 252867 },
    { url = "https://files.pythonhosted.org/packages/52/4f/3d48704c62fa5f72447005b8a77cc9cce5e164c2df357433442d17f2ac0a/coverage-7.8.1-cp313-cp313t-manylinux_2_5_x86_64.manylinux1_x86_64.manylinux_2_17_x86_64.manylinux2014_x86_64.whl", hash = "sha256:6ce2606a171f9cf7c15a77ca61f979ffc0e0d92cd2fb18767cead58c1d19f58e", size = 255096 },
    { url = "https://files.pythonhosted.org/packages/64/1d/e8d4ac647c1967dd3dbc250fb4595b838b7067ad32602a7339ac467d9c5a/coverage-7.8.1-cp313-cp313t-musllinux_1_2_aarch64.whl", hash = "sha256:4fc4f7cff2495d6d112353c33a439230a6de0b7cd0c2578f1e8d75326f63d783", size = 256276 },
    { url = "https://files.pythonhosted.org/packages/9c/e4/62e2f9521f3758dea07bcefc2c9c0dd34fa67d7035b0443c7c3072e6308b/coverage-7.8.1-cp313-cp313t-musllinux_1_2_i686.whl", hash = "sha256:ff619c58322d9d6df0a859dc76c3532d7bdbc125cb040f7cd642141446b4f654", size = 254478 },
    { url = "https://files.pythonhosted.org/packages/49/41/7af246f5e68272f97a31a122da5878747e941fef019430485534d1f6a44a/coverage-7.8.1-cp313-cp313t-musllinux_1_2_x86_64.whl", hash = "sha256:c0d6290a466a6f3fadf6add2dd4ec11deba4e1a6e3db2dd284edd497aadf802f", size = 255255 },
    { url = "https://files.pythonhosted.org/packages/05/5d/5dacd7915972f82d909f36974c6415667dae08a32478d87dfdbac6788e22/coverage-7.8.1-cp313-cp313t-win32.whl", hash = "sha256:e4e893c7f7fb12271a667d5c1876710fae06d7580343afdb5f3fc4488b73209e", size = 215112 },
    { url = "https://files.pythonhosted.org/packages/8b/89/48e77e71e81e5b79fd6471083d087cd69517e5f585b548d87c92d5ae873c/coverage-7.8.1-cp313-cp313t-win_amd64.whl", hash = "sha256:41d142eefbc0bb3be160a77b2c0fbec76f345387676265052e224eb6c67b7af3", size = 216270 },
    { url = "https://files.pythonhosted.org/packages/1b/a1/4d968d4605f3a87a809f0c8f495eed81656c93cf6c00818334498ad6ad45/coverage-7.8.1-py3-none-any.whl", hash = "sha256:e54b80885b0e61d346accc5709daf8762471a452345521cc9281604a907162c2", size = 203623 },
]

[[package]]
name = "iniconfig"
version = "2.1.0"
source = { registry = "https://pypi.org/simple" }
sdist = { url = "https://files.pythonhosted.org/packages/f2/97/ebf4da567aa6827c909642694d71c9fcf53e5b504f2d96afea02718862f3/iniconfig-2.1.0.tar.gz", hash = "sha256:3abbd2e30b36733fee78f9c7f7308f2d0050e88f0087fd25c2645f63c773e1c7", size = 4793 }
wheels = [
    { url = "https://files.pythonhosted.org/packages/2c/e1/e6716421ea10d38022b952c159d5161ca1193197fb744506875fbb87ea7b/iniconfig-2.1.0-py3-none-any.whl", hash = "sha256:9deba5723312380e77435581c6bf4935c94cbfab9b1ed33ef8d238ea168eb760", size = 6050 },
]

[[package]]
name = "numpy"
version = "1.26.4"
source = { registry = "https://pypi.org/simple" }
sdist = { url = "https://files.pythonhosted.org/packages/65/6e/09db70a523a96d25e115e71cc56a6f9031e7b8cd166c1ac8438307c14058/numpy-1.26.4.tar.gz", hash = "sha256:2a02aba9ed12e4ac4eb3ea9421c420301a0c6460d9830d74a9df87efa4912010", size = 15786129 }
wheels = [
    { url = "https://files.pythonhosted.org/packages/95/12/8f2020a8e8b8383ac0177dc9570aad031a3beb12e38847f7129bacd96228/numpy-1.26.4-cp312-cp312-macosx_10_9_x86_64.whl", hash = "sha256:b3ce300f3644fb06443ee2222c2201dd3a89ea6040541412b8fa189341847218", size = 20335901 },
    { url = "https://files.pythonhosted.org/packages/75/5b/ca6c8bd14007e5ca171c7c03102d17b4f4e0ceb53957e8c44343a9546dcc/numpy-1.26.4-cp312-cp312-macosx_11_0_arm64.whl", hash = "sha256:03a8c78d01d9781b28a6989f6fa1bb2c4f2d51201cf99d3dd875df6fbd96b23b", size = 13685868 },
    { url = "https://files.pythonhosted.org/packages/79/f8/97f10e6755e2a7d027ca783f63044d5b1bc1ae7acb12afe6a9b4286eac17/numpy-1.26.4-cp312-cp312-manylinux_2_17_aarch64.manylinux2014_aarch64.whl", hash = "sha256:9fad7dcb1aac3c7f0584a5a8133e3a43eeb2fe127f47e3632d43d677c66c102b", size = 13925109 },
    { url = "https://files.pythonhosted.org/packages/0f/50/de23fde84e45f5c4fda2488c759b69990fd4512387a8632860f3ac9cd225/numpy-1.26.4-cp312-cp312-manylinux_2_17_x86_64.manylinux2014_x86_64.whl", hash = "sha256:675d61ffbfa78604709862923189bad94014bef562cc35cf61d3a07bba02a7ed", size = 17950613 },
    { url = "https://files.pythonhosted.org/packages/4c/0c/9c603826b6465e82591e05ca230dfc13376da512b25ccd0894709b054ed0/numpy-1.26.4-cp312-cp312-musllinux_1_1_aarch64.whl", hash = "sha256:ab47dbe5cc8210f55aa58e4805fe224dac469cde56b9f731a4c098b91917159a", size = 13572172 },
    { url = "https://files.pythonhosted.org/packages/76/8c/2ba3902e1a0fc1c74962ea9bb33a534bb05984ad7ff9515bf8d07527cadd/numpy-1.26.4-cp312-cp312-musllinux_1_1_x86_64.whl", hash = "sha256:1dda2e7b4ec9dd512f84935c5f126c8bd8b9f2fc001e9f54af255e8c5f16b0e0", size = 17786643 },
    { url = "https://files.pythonhosted.org/packages/28/4a/46d9e65106879492374999e76eb85f87b15328e06bd1550668f79f7b18c6/numpy-1.26.4-cp312-cp312-win32.whl", hash = "sha256:50193e430acfc1346175fcbdaa28ffec49947a06918b7b92130744e81e640110", size = 5677803 },
    { url = "https://files.pythonhosted.org/packages/16/2e/86f24451c2d530c88daf997cb8d6ac622c1d40d19f5a031ed68a4b73a374/numpy-1.26.4-cp312-cp312-win_amd64.whl", hash = "sha256:08beddf13648eb95f8d867350f6a018a4be2e5ad54c8d8caed89ebca558b2818", size = 15517754 },
]

[[package]]
name = "opencv-python"
version = "4.8.1.78"
source = { registry = "https://pypi.org/simple" }
dependencies = [
    { name = "numpy", marker = "python_full_version >= '3.12'" },
]
sdist = { url = "https://files.pythonhosted.org/packages/c0/52/9fe76a56e01078a612812b40764a7b138f528b503f7653996c6cfadfa8ec/opencv-python-4.8.1.78.tar.gz", hash = "sha256:cc7adbbcd1112877a39274106cb2752e04984bc01a031162952e97450d6117f6", size = 92094255 }
wheels = [
    { url = "https://files.pythonhosted.org/packages/05/58/7ee92b21cb98689cbe28c69e3cf8ee51f261bfb6bc904ae578736d22d2e7/opencv_python-4.8.1.78-cp37-abi3-macosx_10_16_x86_64.whl", hash = "sha256:91d5f6f5209dc2635d496f6b8ca6573ecdad051a09e6b5de4c399b8e673c60da", size = 54739488 },
    { url = "https://files.pythonhosted.org/packages/a1/f6/57de91ea40c670527cd47a6548bf2cbedc68cec57c041793b256356abad7/opencv_python-4.8.1.78-cp37-abi3-macosx_11_0_arm64.whl", hash = "sha256:bc31f47e05447da8b3089faa0a07ffe80e114c91ce0b171e6424f9badbd1c5cd", size = 33127231 },
    { url = "https://files.pythonhosted.org/packages/c7/a5/dd3735d08c1afc2e801f564f6602392cd86cf59bcb5a6712582ad0610a22/opencv_python-4.8.1.78-cp37-abi3-manylinux_2_17_aarch64.manylinux2014_aarch64.whl", hash = "sha256:9814beca408d3a0eca1bae7e3e5be68b07c17ecceb392b94170881216e09b319", size = 41016265 },
    { url = "https://files.pythonhosted.org/packages/b7/8a/b2f7e1a434d56bf1d7570fc5941ace0847404e1032d7f1f0b8fed896568d/opencv_python-4.8.1.78-cp37-abi3-manylinux_2_17_x86_64.manylinux2014_x86_64.whl", hash = "sha256:c4c406bdb41eb21ea51b4e90dfbc989c002786c3f601c236a99c59a54670a394", size = 61712178 },
    { url = "https://files.pythonhosted.org/packages/13/92/6f3194559d4e2a17826240f2466076728f4c92a2d124a32bfd51ca070019/opencv_python-4.8.1.78-cp37-abi3-win32.whl", hash = "sha256:a7aac3900fbacf55b551e7b53626c3dad4c71ce85643645c43e91fcb19045e47", size = 28281329 },
    { url = "https://files.pythonhosted.org/packages/38/d2/3e8c13ffc37ca5ebc6f382b242b44acb43eb489042e1728407ac3904e72f/opencv_python-4.8.1.78-cp37-abi3-win_amd64.whl", hash = "sha256:b983197f97cfa6fcb74e1da1802c7497a6f94ed561aba6980f1f33123f904956", size = 38065100 },
]

[[package]]
name = "packaging"
version = "25.0"
source = { registry = "https://pypi.org/simple" }
sdist = { url = "https://files.pythonhosted.org/packages/a1/d4/1fc4078c65507b51b96ca8f8c3ba19e6a61c8253c72794544580a7b6c24d/packaging-25.0.tar.gz", hash = "sha256:d443872c98d677bf60f6a1f2f8c1cb748e8fe762d2bf9d3148b5599295b0fc4f", size = 165727 }
wheels = [
    { url = "https://files.pythonhosted.org/packages/20/12/38679034af332785aac8774540895e234f4d07f7545804097de4b666afd8/packaging-25.0-py3-none-any.whl", hash = "sha256:29572ef2b1f17581046b3a2227d5c611fb25ec70ca1ba8554b24b0e69331a484", size = 66469 },
]

[[package]]
name = "pluggy"
version = "1.6.0"
source = { registry = "https://pypi.org/simple" }
sdist = { url = "https://files.pythonhosted.org/packages/f9/e2/3e91f31a7d2b083fe6ef3fa267035b518369d9511ffab804f839851d2779/pluggy-1.6.0.tar.gz", hash = "sha256:7dcc130b76258d33b90f61b658791dede3486c3e6bfb003ee5c9bfb396dd22f3", size = 69412 }
wheels = [
    { url = "https://files.pythonhosted.org/packages/54/20/4d324d65cc6d9205fabedc306948156824eb9f0ee1633355a8f7ec5c66bf/pluggy-1.6.0-py3-none-any.whl", hash = "sha256:e920276dd6813095e9377c0bc5566d94c932c33b27a3e3945d8389c374dd4746", size = 20538 },
]

[[package]]
name = "pybind11"
version = "2.13.6"
source = { registry = "https://pypi.org/simple" }
sdist = { url = "https://files.pythonhosted.org/packages/d2/c1/72b9622fcb32ff98b054f724e213c7f70d6898baa714f4516288456ceaba/pybind11-2.13.6.tar.gz", hash = "sha256:ba6af10348c12b24e92fa086b39cfba0eff619b61ac77c406167d813b096d39a", size = 218403 }
wheels = [
    { url = "https://files.pythonhosted.org/packages/13/2f/0f24b288e2ce56f51c920137620b4434a38fd80583dbbe24fc2a1656c388/pybind11-2.13.6-py3-none-any.whl", hash = "sha256:237c41e29157b962835d356b370ededd57594a26d5894a795960f0047cb5caf5", size = 243282 },
]

[[package]]
name = "pytest"
version = "8.3.5"
source = { registry = "https://pypi.org/simple" }
dependencies = [
    { name = "colorama", marker = "sys_platform == 'win32'" },
    { name = "iniconfig" },
    { name = "packaging" },
    { name = "pluggy" },
]
sdist = { url = "https://files.pythonhosted.org/packages/ae/3c/c9d525a414d506893f0cd8a8d0de7706446213181570cdbd766691164e40/pytest-8.3.5.tar.gz", hash = "sha256:f4efe70cc14e511565ac476b57c279e12a855b11f48f212af1080ef2263d3845", size = 1450891 }
wheels = [
    { url = "https://files.pythonhosted.org/packages/30/3d/64ad57c803f1fa1e963a7946b6e0fea4a70df53c1a7fed304586539c2bac/pytest-8.3.5-py3-none-any.whl", hash = "sha256:c69214aa47deac29fad6c2a4f590b9c4a9fdb16a403176fe154b79c0b4d4d820", size = 343634 },
]

[[package]]
name = "pytest-cov"
version = "6.1.1"
source = { registry = "https://pypi.org/simple" }
dependencies = [
    { name = "coverage" },
    { name = "pytest" },
]
sdist = { url = "https://files.pythonhosted.org/packages/25/69/5f1e57f6c5a39f81411b550027bf72842c4567ff5fd572bed1edc9e4b5d9/pytest_cov-6.1.1.tar.gz", hash = "sha256:46935f7aaefba760e716c2ebfbe1c216240b9592966e7da99ea8292d4d3e2a0a", size = 66857 }
wheels = [
    { url = "https://files.pythonhosted.org/packages/28/d0/def53b4a790cfb21483016430ed828f64830dd981ebe1089971cd10cab25/pytest_cov-6.1.1-py3-none-any.whl", hash = "sha256:bddf29ed2d0ab6f4df17b4c55b0a657287db8684af9c42ea546b21b1041b3dde", size = 23841 },
]

[[package]]
name = "rgf-cuda"
version = "0.1.0"
source = { editable = "." }
dependencies = [
    { name = "numpy" },
    { name = "opencv-python" },
    { name = "pybind11" },
]

[package.dev-dependencies]
dev = [
    { name = "pytest" },
    { name = "pytest-cov" },
]

[package.metadata]
requires-dist = [
    { name = "numpy", specifier = ">=1.25.0,<2.0.0" },
    { name = "opencv-python", specifier = ">=4.5.0" },
    { name = "pybind11", specifier = ">=2.10.0" },
]

[package.metadata.requires-dev]
dev = [
    { name = "pytest" },
    { name = "pytest-cov" },
]
